
Microsoft Visual Studio Solution File, Format Version 12.00
# Visual Studio 15
VisualStudioVersion = 15.0.27428.2037
MinimumVisualStudioVersion = 10.0.40219.1
Project("{FAE04EC0-301F-11D3-BF4B-00C04F79EFBC}") = "Unit 35 Assignment 2", "Unit 35 Assignment 2\Unit 35 Assignment 2.csproj", "{F51E430C-75A1-462A-8237-2583C14E908C}"
EndProject
Global
	GlobalSection(SolutionConfigurationPlatforms) = preSolution
		Debug|Any CPU = Debug|Any CPU
		Release|Any CPU = Release|Any CPU
	EndGlobalSection
	GlobalSection(ProjectConfigurationPlatforms) = postSolution
		{F51E430C-75A1-462A-8237-2583C14E908C}.Debug|Any CPU.ActiveCfg = Debug|Any CPU
		{F51E430C-75A1-462A-8237-2583C14E908C}.Debug|Any CPU.Build.0 = Debug|Any CPU
		{F51E430C-75A1-462A-8237-2583C14E908C}.Release|Any CPU.ActiveCfg = Release|Any CPU
		{F51E430C-75A1-462A-8237-2583C14E908C}.Release|Any CPU.Build.0 = Release|Any CPU
	EndGlobalSection
	GlobalSection(SolutionProperties) = preSolution
		HideSolutionNode = FALSE
	EndGlobalSection
	GlobalSection(ExtensibilityGlobals) = postSolution
		SolutionGuid = {0EB4937B-D8CF-4B4B-B912-E947C5DDAA97}
	EndGlobalSection
EndGlobal
